
Microsoft Visual Studio Solution File, Format Version 12.00
# Visual Studio 2017
Project("{FAE04EC0-301F-11D3-BF4B-00C04F79EFBC}") = "2MinuteTips", "2MinuteTips.csproj", "{514AEE43-1E7A-AB0F-2EE9-E425CFB84FDA}"
EndProject
Global
	GlobalSection(SolutionConfigurationPlatforms) = preSolution
		Debug|Any CPU = Debug|Any CPU
		Release|Any CPU = Release|Any CPU
	EndGlobalSection
	GlobalSection(ProjectConfigurationPlatforms) = postSolution
		{514AEE43-1E7A-AB0F-2EE9-E425CFB84FDA}.Debug|Any CPU.ActiveCfg = Debug|Any CPU
		{514AEE43-1E7A-AB0F-2EE9-E425CFB84FDA}.Debug|Any CPU.Build.0 = Debug|Any CPU
		{514AEE43-1E7A-AB0F-2EE9-E425CFB84FDA}.Release|Any CPU.ActiveCfg = Release|Any CPU
		{514AEE43-1E7A-AB0F-2EE9-E425CFB84FDA}.Release|Any CPU.Build.0 = Release|Any CPU
	EndGlobalSection
	GlobalSection(SolutionProperties) = preSolution
		HideSolutionNode = FALSE
	EndGlobalSection
EndGlobal
